// !$*UTF8*$!
{
	archiveVersion = 1;
	classes = {
	};
	objectVersion = 50;
	objects = {

/* Begin PBXBuildFile section */
		9004CC0624990AFC00B8F23A /* AppDelegate.swift in Sources */ = {isa = PBXBuildFile; fileRef = 9004CC0524990AFC00B8F23A /* AppDelegate.swift */; };
		9004CC0824990AFC00B8F23A /* SceneDelegate.swift in Sources */ = {isa = PBXBuildFile; fileRef = 9004CC0724990AFC00B8F23A /* SceneDelegate.swift */; };
		9004CC0A24990AFC00B8F23A /* ViewController.swift in Sources */ = {isa = PBXBuildFile; fileRef = 9004CC0924990AFC00B8F23A /* ViewController.swift */; };
		9004CC0D24990AFC00B8F23A /* Main.storyboard in Resources */ = {isa = PBXBuildFile; fileRef = 9004CC0B24990AFC00B8F23A /* Main.storyboard */; };
		9004CC1024990AFC00B8F23A /* Pomodoro_NoStoryBoard1.xcdatamodeld in Sources */ = {isa = PBXBuildFile; fileRef = 9004CC0E24990AFC00B8F23A /* Pomodoro_NoStoryBoard1.xcdatamodeld */; };
		9004CC1224990AFE00B8F23A /* Assets.xcassets in Resources */ = {isa = PBXBuildFile; fileRef = 9004CC1124990AFE00B8F23A /* Assets.xcassets */; };
		9004CC1524990AFE00B8F23A /* LaunchScreen.storyboard in Resources */ = {isa = PBXBuildFile; fileRef = 9004CC1324990AFE00B8F23A /* LaunchScreen.storyboard */; };
/* End PBXBuildFile section */

/* Begin PBXFileReference section */
		9004CC0224990AFC00B8F23A /* Pomodoro-NoStoryBoard1.app */ = {isa = PBXFileReference; explicitFileType = wrapper.application; includeInIndex = 0; path = "Pomodoro-NoStoryBoard1.app"; sourceTree = BUILT_PRODUCTS_DIR; };
		9004CC0524990AFC00B8F23A /* AppDelegate.swift */ = {isa = PBXFileReference; lastKnownFileType = sourcecode.swift; path = AppDelegate.swift; sourceTree = "<group>"; };
		9004CC0724990AFC00B8F23A /* SceneDelegate.swift */ = {isa = PBXFileReference; lastKnownFileType = sourcecode.swift; path = SceneDelegate.swift; sourceTree = "<group>"; };
		9004CC0924990AFC00B8F23A /* ViewController.swift */ = {isa = PBXFileReference; lastKnownFileType = sourcecode.swift; path = ViewController.swift; sourceTree = "<group>"; };
		9004CC0C24990AFC00B8F23A /* Base */ = {isa = PBXFileReference; lastKnownFileType = file.storyboard; name = Base; path = Base.lproj/Main.storyboard; sourceTree = "<group>"; };
		9004CC0F24990AFC00B8F23A /* Pomodoro_NoStoryBoard1.xcdatamodel */ = {isa = PBXFileReference; lastKnownFileType = wrapper.xcdatamodel; path = Pomodoro_NoStoryBoard1.xcdatamodel; sourceTree = "<group>"; };
		9004CC1124990AFE00B8F23A /* Assets.xcassets */ = {isa = PBXFileReference; lastKnownFileType = folder.assetcatalog; path = Assets.xcassets; sourceTree = "<group>"; };
		9004CC1424990AFE00B8F23A /* Base */ = {isa = PBXFileReference; lastKnownFileType = file.storyboard; name = Base; path = Base.lproj/LaunchScreen.storyboard; sourceTree = "<group>"; };
		9004CC1624990AFE00B8F23A /* Info.plist */ = {isa = PBXFileReference; lastKnownFileType = text.plist.xml; path = Info.plist; sourceTree = "<group>"; };
/* End PBXFileReference section */

/* Begin PBXFrameworksBuildPhase section */
		9004CBFF24990AFC00B8F23A /* Frameworks */ = {
			isa = PBXFrameworksBuildPhase;
			buildActionMask = 2147483647;
			files = (
			);
			runOnlyForDeploymentPostprocessing = 0;
		};
/* End PBXFrameworksBuildPhase section */

/* Begin PBXGroup section */
		9004CBF924990AFC00B8F23A = {
			isa = PBXGroup;
			children = (
				9004CC0424990AFC00B8F23A /* Pomodoro-NoStoryBoard1 */,
				9004CC0324990AFC00B8F23A /* Products */,
			);
			sourceTree = "<group>";
		};
		9004CC0324990AFC00B8F23A /* Products */ = {
			isa = PBXGroup;
			children = (
				9004CC0224990AFC00B8F23A /* Pomodoro-NoStoryBoard1.app */,
			);
			name = Products;
			sourceTree = "<group>";
		};
		9004CC0424990AFC00B8F23A /* Pomodoro-NoStoryBoard1 */ = {
			isa = PBXGroup;
			children = (
				9004CC0524990AFC00B8F23A /* AppDelegate.swift */,
				9004CC0724990AFC00B8F23A /* SceneDelegate.swift */,
				9004CC0924990AFC00B8F23A /* ViewController.swift */,
				9004CC0B24990AFC00B8F23A /* Main.storyboard */,
				9004CC1124990AFE00B8F23A /* Assets.xcassets */,
				9004CC1324990AFE00B8F23A /* LaunchScreen.storyboard */,
				9004CC1624990AFE00B8F23A /* Info.plist */,
				9004CC0E24990AFC00B8F23A /* Pomodoro_NoStoryBoard1.xcdatamodeld */,
			);
			path = "Pomodoro-NoStoryBoard1";
			sourceTree = "<group>";
		};
/* End PBXGroup section */

/* Begin PBXNativeTarget section */
		9004CC0124990AFC00B8F23A /* Pomodoro-NoStoryBoard1 */ = {
			isa = PBXNativeTarget;
			buildConfigurationList = 9004CC1924990AFE00B8F23A /* Build configuration list for PBXNativeTarget "Pomodoro-NoStoryBoard1" */;
			buildPhases = (
				9004CBFE24990AFC00B8F23A /* Sources */,
				9004CBFF24990AFC00B8F23A /* Frameworks */,
				9004CC0024990AFC00B8F23A /* Resources */,
			);
			buildRules = (
			);
			dependencies = (
			);
			name = "Pomodoro-NoStoryBoard1";
			productName = "Pomodoro-NoStoryBoard1";
			productReference = 9004CC0224990AFC00B8F23A /* Pomodoro-NoStoryBoard1.app */;
			productType = "com.apple.product-type.application";
		};
/* End PBXNativeTarget section */

/* Begin PBXProject section */
		9004CBFA24990AFC00B8F23A /* Project object */ = {
			isa = PBXProject;
			attributes = {
				LastSwiftUpdateCheck = 1150;
				LastUpgradeCheck = 1150;
				ORGANIZATIONNAME = JDoor;
				TargetAttributes = {
					9004CC0124990AFC00B8F23A = {
						CreatedOnToolsVersion = 11.5;
					};
				};
			};
			buildConfigurationList = 9004CBFD24990AFC00B8F23A /* Build configuration list for PBXProject "Pomodoro-NoStoryBoard1" */;
			compatibilityVersion = "Xcode 9.3";
			developmentRegion = en;
			hasScannedForEncodings = 0;
			knownRegions = (
				en,
				Base,
			);
			mainGroup = 9004CBF924990AFC00B8F23A;
			productRefGroup = 9004CC0324990AFC00B8F23A /* Products */;
			projectDirPath = "";
			projectRoot = "";
			targets = (
				9004CC0124990AFC00B8F23A /* Pomodoro-NoStoryBoard1 */,
			);
		};
/* End PBXProject section */

/* Begin PBXResourcesBuildPhase section */
		9004CC0024990AFC00B8F23A /* Resources */ = {
			isa = PBXResourcesBuildPhase;
			buildActionMask = 2147483647;
			files = (
				9004CC1524990AFE00B8F23A /* LaunchScreen.storyboard in Resources */,
				9004CC1224990AFE00B8F23A /* Assets.xcassets in Resources */,
				9004CC0D24990AFC00B8F23A /* Main.storyboard in Resources */,
			);
			runOnlyForDeploymentPostprocessing = 0;
		};
/* End PBXResourcesBuildPhase section */

/* Begin PBXSourcesBuildPhase section */
		9004CBFE24990AFC00B8F23A /* Sources */ = {
			isa = PBXSourcesBuildPhase;
			buildActionMask = 2147483647;
			files = (
				9004CC1024990AFC00B8F23A /* Pomodoro_NoStoryBoard1.xcdatamodeld in Sources */,
				9004CC0A24990AFC00B8F23A /* ViewController.swift in Sources */,
				9004CC0624990AFC00B8F23A /* AppDelegate.swift in Sources */,
				9004CC0824990AFC00B8F23A /* SceneDelegate.swift in Sources */,
			);
			runOnlyForDeploymentPostprocessing = 0;
		};
/* End PBXSourcesBuildPhase section */

/* Begin PBXVariantGroup section */
		9004CC0B24990AFC00B8F23A /* Main.storyboard */ = {
			isa = PBXVariantGroup;
			children = (
				9004CC0C24990AFC00B8F23A /* Base */,
			);
			name = Main.storyboard;
			sourceTree = "<group>";
		};
		9004CC1324990AFE00B8F23A /* LaunchScreen.storyboard */ = {
			isa = PBXVariantGroup;
			children = (
				9004CC1424990AFE00B8F23A /* Base */,
			);
			name = LaunchScreen.storyboard;
			sourceTree = "<group>";
		};
/* End PBXVariantGroup section */

/* Begin XCBuildConfiguration section */
		9004CC1724990AFE00B8F23A /* Debug */ = {
			isa = XCBuildConfiguration;
			buildSettings = {
				ALWAYS_SEARCH_USER_PATHS = NO;
				CLANG_ANALYZER_NONNULL = YES;
				CLANG_ANALYZER_NUMBER_OBJECT_CONVERSION = YES_AGGRESSIVE;
				CLANG_CXX_LANGUAGE_STANDARD = "gnu++14";
				CLANG_CXX_LIBRARY = "libc++";
				CLANG_ENABLE_MODULES = YES;
				CLANG_ENABLE_OBJC_ARC = YES;
				CLANG_ENABLE_OBJC_WEAK = YES;
				CLANG_WARN_BLOCK_CAPTURE_AUTORELEASING = YES;
				CLANG_WARN_BOOL_CONVERSION = YES;
				CLANG_WARN_COMMA = YES;
				CLANG_WARN_CONSTANT_CONVERSION = YES;
				CLANG_WARN_DEPRECATED_OBJC_IMPLEMENTATIONS = YES;
				CLANG_WARN_DIRECT_OBJC_ISA_USAGE = YES_ERROR;
				CLANG_WARN_DOCUMENTATION_COMMENTS = YES;
				CLANG_WARN_EMPTY_BODY = YES;
				CLANG_WARN_ENUM_CONVERSION = YES;
				CLANG_WARN_INFINITE_RECURSION = YES;
				CLANG_WARN_INT_CONVERSION = YES;
				CLANG_WARN_NON_LITERAL_NULL_CONVERSION = YES;
				CLANG_WARN_OBJC_IMPLICIT_RETAIN_SELF = YES;
				CLANG_WARN_OBJC_LITERAL_CONVERSION = YES;
				CLANG_WARN_OBJC_ROOT_CLASS = YES_ERROR;
				CLANG_WARN_RANGE_LOOP_ANALYSIS = YES;
				CLANG_WARN_STRICT_PROTOTYPES = YES;
				CLANG_WARN_SUSPICIOUS_MOVE = YES;
				CLANG_WARN_UNGUARDED_AVAILABILITY = YES_AGGRESSIVE;
				CLANG_WARN_UNREACHABLE_CODE = YES;
				CLANG_WARN__DUPLICATE_METHOD_MATCH = YES;
				COPY_PHASE_STRIP = NO;
				DEBUG_INFORMATION_FORMAT = dwarf;
				ENABLE_STRICT_OBJC_MSGSEND = YES;
				ENABLE_TESTABILITY = YES;
				GCC_C_LANGUAGE_STANDARD = gnu11;
				GCC_DYNAMIC_NO_PIC = NO;
				GCC_NO_COMMON_BLOCKS = YES;
				GCC_OPTIMIZATION_LEVEL = 0;
				GCC_PREPROCESSOR_DEFINITIONS = (
					"DEBUG=1",
					"$(inherited)",
				);
				GCC_WARN_64_TO_32_BIT_CONVERSION = YES;
				GCC_WARN_ABOUT_RETURN_TYPE = YES_ERROR;
				GCC_WARN_UNDECLARED_SELECTOR = YES;
				GCC_WARN_UNINITIALIZED_AUTOS = YES_AGGRESSIVE;
				GCC_WARN_UNUSED_FUNCTION = YES;
				GCC_WARN_UNUSED_VARIABLE = YES;
				IPHONEOS_DEPLOYMENT_TARGET = 13.5;
				MTL_ENABLE_DEBUG_INFO = INCLUDE_SOURCE;
				MTL_FAST_MATH = YES;
				ONLY_ACTIVE_ARCH = YES;
				SDKROOT = iphoneos;
				SWIFT_ACTIVE_COMPILATION_CONDITIONS = DEBUG;
				SWIFT_OPTIMIZATION_LEVEL = "-Onone";
			};
			name = Debug;
		};
		9004CC1824990AFE00B8F23A /* Release */ = {
			isa = XCBuildConfiguration;
			buildSettings = {
				ALWAYS_SEARCH_USER_PATHS = NO;
				CLANG_ANALYZER_NONNULL = YES;
				CLANG_ANALYZER_NUMBER_OBJECT_CONVERSION = YES_AGGRESSIVE;
				CLANG_CXX_LANGUAGE_STANDARD = "gnu++14";
				CLANG_CXX_LIBRARY = "libc++";
				CLANG_ENABLE_MODULES = YES;
				CLANG_ENABLE_OBJC_ARC = YES;
				CLANG_ENABLE_OBJC_WEAK = YES;
				CLANG_WARN_BLOCK_CAPTURE_AUTORELEASING = YES;
				CLANG_WARN_BOOL_CONVERSION = YES;
				CLANG_WARN_COMMA = YES;
				CLANG_WARN_CONSTANT_CONVERSION = YES;
				CLANG_WARN_DEPRECATED_OBJC_IMPLEMENTATIONS = YES;
				CLANG_WARN_DIRECT_OBJC_ISA_USAGE = YES_ERROR;
				CLANG_WARN_DOCUMENTATION_COMMENTS = YES;
				CLANG_WARN_EMPTY_BODY = YES;
				CLANG_WARN_ENUM_CONVERSION = YES;
				CLANG_WARN_INFINITE_RECURSION = YES;
				CLANG_WARN_INT_CONVERSION = YES;
				CLANG_WARN_NON_LITERAL_NULL_CONVERSION = YES;
				CLANG_WARN_OBJC_IMPLICIT_RETAIN_SELF = YES;
				CLANG_WARN_OBJC_LITERAL_CONVERSION = YES;
				CLANG_WARN_OBJC_ROOT_CLASS = YES_ERROR;
				CLANG_WARN_RANGE_LOOP_ANALYSIS = YES;
				CLANG_WARN_STRICT_PROTOTYPES = YES;
				CLANG_WARN_SUSPICIOUS_MOVE = YES;
				CLANG_WARN_UNGUARDED_AVAILABILITY = YES_AGGRESSIVE;
				CLANG_WARN_UNREACHABLE_CODE = YES;
				CLANG_WARN__DUPLICATE_METHOD_MATCH = YES;
				COPY_PHASE_STRIP = NO;
				DEBUG_INFORMATION_FORMAT = "dwarf-with-dsym";
				ENABLE_NS_ASSERTIONS = NO;
				ENABLE_STRICT_OBJC_MSGSEND = YES;
				GCC_C_LANGUAGE_STANDARD = gnu11;
				GCC_NO_COMMON_BLOCKS = YES;
				GCC_WARN_64_TO_32_BIT_CONVERSION = YES;
				GCC_WARN_ABOUT_RETURN_TYPE = YES_ERROR;
				GCC_WARN_UNDECLARED_SELECTOR = YES;
				GCC_WARN_UNINITIALIZED_AUTOS = YES_AGGRESSIVE;
				GCC_WARN_UNUSED_FUNCTION = YES;
				GCC_WARN_UNUSED_VARIABLE = YES;
				IPHONEOS_DEPLOYMENT_TARGET = 13.5;
				MTL_ENABLE_DEBUG_INFO = NO;
				MTL_FAST_MATH = YES;
				SDKROOT = iphoneos;
				SWIFT_COMPILATION_MODE = wholemodule;
				SWIFT_OPTIMIZATION_LEVEL = "-O";
				VALIDATE_PRODUCT = YES;
			};
			name = Release;
		};
		9004CC1A24990AFE00B8F23A /* Debug */ = {
			isa = XCBuildConfiguration;
			buildSettings = {
				ASSETCATALOG_COMPILER_APPICON_NAME = AppIcon;
				CODE_SIGN_STYLE = Automatic;
				INFOPLIST_FILE = "Pomodoro-NoStoryBoard1/Info.plist";
				LD_RUNPATH_SEARCH_PATHS = (
					"$(inherited)",
					"@executable_path/Frameworks",
				);
				PRODUCT_BUNDLE_IDENTIFIER = "JDoor.Pomodoro-NoStoryBoard1";
				PRODUCT_NAME = "$(TARGET_NAME)";
				SWIFT_VERSION = 5.0;
				TARGETED_DEVICE_FAMILY = "1,2";
			};
			name = Debug;
		};
		9004CC1B24990AFE00B8F23A /* Release */ = {
			isa = XCBuildConfiguration;
			buildSettings = {
				ASSETCATALOG_COMPILER_APPICON_NAME = AppIcon;
				CODE_SIGN_STYLE = Automatic;
				INFOPLIST_FILE = "Pomodoro-NoStoryBoard1/Info.plist";
				LD_RUNPATH_SEARCH_PATHS = (
					"$(inherited)",
					"@executable_path/Frameworks",
				);
				PRODUCT_BUNDLE_IDENTIFIER = "JDoor.Pomodoro-NoStoryBoard1";
				PRODUCT_NAME = "$(TARGET_NAME)";
				SWIFT_VERSION = 5.0;
				TARGETED_DEVICE_FAMILY = "1,2";
			};
			name = Release;
		};
/* End XCBuildConfiguration section */

/* Begin XCConfigurationList section */
		9004CBFD24990AFC00B8F23A /* Build configuration list for PBXProject "Pomodoro-NoStoryBoard1" */ = {
			isa = XCConfigurationList;
			buildConfigurations = (
				9004CC1724990AFE00B8F23A /* Debug */,
				9004CC1824990AFE00B8F23A /* Release */,
			);
			defaultConfigurationIsVisible = 0;
			defaultConfigurationName = Release;
		};
		9004CC1924990AFE00B8F23A /* Build configuration list for PBXNativeTarget "Pomodoro-NoStoryBoard1" */ = {
			isa = XCConfigurationList;
			buildConfigurations = (
				9004CC1A24990AFE00B8F23A /* Debug */,
				9004CC1B24990AFE00B8F23A /* Release */,
			);
			defaultConfigurationIsVisible = 0;
			defaultConfigurationName = Release;
		};
/* End XCConfigurationList section */

/* Begin XCVersionGroup section */
		9004CC0E24990AFC00B8F23A /* Pomodoro_NoStoryBoard1.xcdatamodeld */ = {
			isa = XCVersionGroup;
			children = (
				9004CC0F24990AFC00B8F23A /* Pomodoro_NoStoryBoard1.xcdatamodel */,
			);
			currentVersion = 9004CC0F24990AFC00B8F23A /* Pomodoro_NoStoryBoard1.xcdatamodel */;
			path = Pomodoro_NoStoryBoard1.xcdatamodeld;
			sourceTree = "<group>";
			versionGroupType = wrapper.xcdatamodel;
		};
/* End XCVersionGroup section */
	};
	rootObject = 9004CBFA24990AFC00B8F23A /* Project object */;
}
